
Microsoft Visual Studio Solution File, Format Version 12.00
# Visual Studio Version 17
VisualStudioVersion = 17.8.34330.188
MinimumVisualStudioVersion = 10.0.40219.1
Project("{9A19103F-16F7-4668-BE54-9A1E7A4F7556}") = "AccountsProtector.UI", "AccountsProtector\AccountsProtector.UI.csproj", "{26F1DCA7-CB82-4BC9-BBA1-45C0C1597B87}"
EndProject
Project("{FAE04EC0-301F-11D3-BF4B-00C04F79EFBC}") = "AccountsProtector.Core", "AccountsProtector.Core\AccountsProtector.Core.csproj", "{7850EDC6-B481-494C-947D-E25C1F79A2C5}"
EndProject
Project("{FAE04EC0-301F-11D3-BF4B-00C04F79EFBC}") = "AccountsProtector.Infrastructure", "AccountsProtector.Infrastructure\AccountsProtector.Infrastructure.csproj", "{7F5A5CC5-A7DB-4EA8-9037-3E95093E2546}"
EndProject
Global
	GlobalSection(SolutionConfigurationPlatforms) = preSolution
		Debug|Any CPU = Debug|Any CPU
		Release|Any CPU = Release|Any CPU
	EndGlobalSection
	GlobalSection(ProjectConfigurationPlatforms) = postSolution
		{26F1DCA7-CB82-4BC9-BBA1-45C0C1597B87}.Debug|Any CPU.ActiveCfg = Debug|Any CPU
		{26F1DCA7-CB82-4BC9-BBA1-45C0C1597B87}.Debug|Any CPU.Build.0 = Debug|Any CPU
		{26F1DCA7-CB82-4BC9-BBA1-45C0C1597B87}.Release|Any CPU.ActiveCfg = Release|Any CPU
		{26F1DCA7-CB82-4BC9-BBA1-45C0C1597B87}.Release|Any CPU.Build.0 = Release|Any CPU
		{7850EDC6-B481-494C-947D-E25C1F79A2C5}.Debug|Any CPU.ActiveCfg = Debug|Any CPU
		{7850EDC6-B481-494C-947D-E25C1F79A2C5}.Debug|Any CPU.Build.0 = Debug|Any CPU
		{7850EDC6-B481-494C-947D-E25C1F79A2C5}.Release|Any CPU.ActiveCfg = Release|Any CPU
		{7850EDC6-B481-494C-947D-E25C1F79A2C5}.Release|Any CPU.Build.0 = Release|Any CPU
		{7F5A5CC5-A7DB-4EA8-9037-3E95093E2546}.Debug|Any CPU.ActiveCfg = Debug|Any CPU
		{7F5A5CC5-A7DB-4EA8-9037-3E95093E2546}.Debug|Any CPU.Build.0 = Debug|Any CPU
		{7F5A5CC5-A7DB-4EA8-9037-3E95093E2546}.Release|Any CPU.ActiveCfg = Release|Any CPU
		{7F5A5CC5-A7DB-4EA8-9037-3E95093E2546}.Release|Any CPU.Build.0 = Release|Any CPU
	EndGlobalSection
	GlobalSection(SolutionProperties) = preSolution
		HideSolutionNode = FALSE
	EndGlobalSection
	GlobalSection(ExtensibilityGlobals) = postSolution
		SolutionGuid = {20405301-C20D-4E5A-955E-6F6791AE411F}
	EndGlobalSection
EndGlobal
